
Microsoft Visual Studio Solution File, Format Version 12.00
# Visual Studio Version 17
VisualStudioVersion = 17.13.35931.197 d17.13
MinimumVisualStudioVersion = 10.0.40219.1
Project("{FAE04EC0-301F-11D3-BF4B-00C04F79EFBC}") = "MyShopApi", "MyShopApi\MyShopApi.csproj", "{8DD35969-BE9E-4382-8832-BE1F8983E4E1}"
EndProject
Global
	GlobalSection(SolutionConfigurationPlatforms) = preSolution
		Debug|Any CPU = Debug|Any CPU
		Release|Any CPU = Release|Any CPU
	EndGlobalSection
	GlobalSection(ProjectConfigurationPlatforms) = postSolution
		{8DD35969-BE9E-4382-8832-BE1F8983E4E1}.Debug|Any CPU.ActiveCfg = Debug|Any CPU
		{8DD35969-BE9E-4382-8832-BE1F8983E4E1}.Debug|Any CPU.Build.0 = Debug|Any CPU
		{8DD35969-BE9E-4382-8832-BE1F8983E4E1}.Release|Any CPU.ActiveCfg = Release|Any CPU
		{8DD35969-BE9E-4382-8832-BE1F8983E4E1}.Release|Any CPU.Build.0 = Release|Any CPU
	EndGlobalSection
	GlobalSection(SolutionProperties) = preSolution
		HideSolutionNode = FALSE
	EndGlobalSection
	GlobalSection(ExtensibilityGlobals) = postSolution
		SolutionGuid = {A41D2737-D15E-40FD-8969-472A9A0ED9F6}
	EndGlobalSection
EndGlobal
